{
  "lockfile_version": "1",
  "packages": {
    "atuin@latest": {
      "last_modified": "2026-02-23T15:40:43Z",
      "resolved": "github:NixOS/nixpkgs/80d901ec0377e19ac3f7bb8c035201e2e098cc97#atuin",
      "source": "devbox-search",
      "version": "18.12.1",
      "systems": {
        "aarch64-darwin": {
          "outputs": [
            {
              "name": "out",
              "path": "/nix/store/pwmvl7cm5mqc2kjhjvxpdcaj72abzbdr-atuin-18.12.1",
              "default": true
            }
          ],
          "store_path": "/nix/store/pwmvl7cm5mqc2kjhjvxpdcaj72abzbdr-atuin-18.12.1"
        },
        "aarch64-linux": {
          "outputs": [
            {
              "name": "out",
              "path": "/nix/store/zdivvyyaa64cgvyrk102fnillp301q86-atuin-18.12.1",
              "default": true
            }
          ],
          "store_path": "/nix/store/zdivvyyaa64cgvyrk102fnillp301q86-atuin-18.12.1"
        },
        "x86_64-darwin": {
          "outputs": [
            {
              "name": "out",
              "path": "/nix/store/2dw36z4k33lxnjkgzifzidkpn1325r9k-atuin-18.12.1",
              "default": true
            }
          ],
          "store_path": "/nix/store/2dw36z4k33lxnjkgzifzidkpn1325r9k-atuin-18.12.1"
        },
        "x86_64-linux": {
          "outputs": [
            {
              "name": "out",
              "path": "/nix/store/q5zwmzl587wfcpqgixq4gydw8qkcxrs7-atuin-18.12.1",
              "default": true
            }
          ],
          "store_path": "/nix/store/q5zwmzl587wfcpqgixq4gydw8qkcxrs7-atuin-18.12.1"
        }
      }
    },
    "github:NixOS/nixpkgs/nixpkgs-unstable": {
      "last_modified": "2026-03-11T04:01:32Z",
      "resolved": "github:NixOS/nixpkgs/b6067cc0127d4db9c26c79e4de0513e58d0c40c9?lastModified=1773201692&narHash=sha256-NXrKzNMniu4Oam2kAFvqJ3GB2kAvlAFIriTAheaY8hw%3D"
    },
    "taskwarrior3@3.4.2": {
      "last_modified": "2026-02-23T15:40:43Z",
      "resolved": "github:NixOS/nixpkgs/80d901ec0377e19ac3f7bb8c035201e2e098cc97#taskwarrior3",
      "source": "devbox-search",
      "version": "3.4.2",
      "systems": {
        "aarch64-darwin": {
          "outputs": [
            {
              "name": "out",
              "path": "/nix/store/w510f651vgsnkf8z05m822wk4j2pwwbf-taskwarrior-3.4.2",
              "default": true
            }
          ],
          "store_path": "/nix/store/w510f651vgsnkf8z05m822wk4j2pwwbf-taskwarrior-3.4.2"
        },
        "aarch64-linux": {
          "outputs": [
            {
              "name": "out",
              "path": "/nix/store/hl940jhi0zyyyddfjcaiwiavrcvs9r2y-taskwarrior-3.4.2",
              "default": true
            }
          ],
          "store_path": "/nix/store/hl940jhi0zyyyddfjcaiwiavrcvs9r2y-taskwarrior-3.4.2"
        },
        "x86_64-darwin": {
          "outputs": [
            {
              "name": "out",
              "path": "/nix/store/5kjqa04kx9j2gsjq2973nrr3m09xnbjz-taskwarrior-3.4.2",
              "default": true
            }
          ],
          "store_path": "/nix/store/5kjqa04kx9j2gsjq2973nrr3m09xnbjz-taskwarrior-3.4.2"
        },
        "x86_64-linux": {
          "outputs": [
            {
              "name": "out",
              "path": "/nix/store/ssvr25cradkd7xl07ma7ygm4q80zmr31-taskwarrior-3.4.2",
              "default": true
            }
          ],
          "store_path": "/nix/store/ssvr25cradkd7xl07ma7ygm4q80zmr31-taskwarrior-3.4.2"
        }
      }
    },
    "timewarrior@latest": {
      "last_modified": "2026-02-23T15:40:43Z",
      "resolved": "github:NixOS/nixpkgs/80d901ec0377e19ac3f7bb8c035201e2e098cc97#timewarrior",
      "source": "devbox-search",
      "version": "1.9.1",
      "systems": {
        "aarch64-darwin": {
          "outputs": [
            {
              "name": "out",
              "path": "/nix/store/9lp4dcbhyaxk9f79wyfb61kv9zy30ypc-timewarrior-1.9.1",
              "default": true
            }
          ],
          "store_path": "/nix/store/9lp4dcbhyaxk9f79wyfb61kv9zy30ypc-timewarrior-1.9.1"
        },
        "aarch64-linux": {
          "outputs": [
            {
              "name": "out",
              "path": "/nix/store/l8ignkgkmlfcvv414gg6xpx62v0zqs9q-timewarrior-1.9.1",
              "default": true
            }
          ],
          "store_path": "/nix/store/l8ignkgkmlfcvv414gg6xpx62v0zqs9q-timewarrior-1.9.1"
        },
        "x86_64-darwin": {
          "outputs": [
            {
              "name": "out",
              "path": "/nix/store/ga64r6m1rrnlfpkramm1wn1jyax7qaip-timewarrior-1.9.1",
              "default": true
            }
          ],
          "store_path": "/nix/store/ga64r6m1rrnlfpkramm1wn1jyax7qaip-timewarrior-1.9.1"
        },
        "x86_64-linux": {
          "outputs": [
            {
              "name": "out",
              "path": "/nix/store/56lzqhx11q1kz75zmxxxwn2i9bb98063-timewarrior-1.9.1",
              "default": true
            }
          ],
          "store_path": "/nix/store/56lzqhx11q1kz75zmxxxwn2i9bb98063-timewarrior-1.9.1"
        }
      }
    }
  }
}
